{
  "name": "pdfgenerationbykhersonskiy",
  "version": "1.0.2",
  "lockfileVersion": 3,
  "requires": true,
  "packages": {
    "": {
      "name": "pdfgenerationbykhersonskiy",
      "version": "1.0.0",
      "license": "MIT",
      "dependencies": {
        "imageprocessingbykhersonskiy": "^1.0.1"
      }
    },
    "node_modules/imageprocessingbykhersonskiy": {
      "version": "1.0.1",
      "resolved": "https://registry.npmjs.org/imageprocessingbykhersonskiy/-/imageprocessingbykhersonskiy-1.0.1.tgz",
      "integrity": "sha512-yA7mPK5LxsC1HL/wxNlqKgNB2Giez2xGObpyn0jMnrbGcrNMbMEGU3I7AaoMGbFv8WttiwmidWNfqGTO2xWxNg==",
      "dependencies": {
        "pdfgenerationbykhersonskiy": "^1.0.0"
      }
    },
    "node_modules/pdfgenerationbykhersonskiy": {
      "version": "1.0.0",
      "resolved": "https://registry.npmjs.org/pdfgenerationbykhersonskiy/-/pdfgenerationbykhersonskiy-1.0.0.tgz",
      "integrity": "sha512-NN9kACCaUnqJzlyYCxwyrrUdtdAXnvObTzXwxt/lDGgHMQ53oc3Rd+L4wIMnqIvHUVLa8EEseXEGddx48hDoog=="
    }
  }
}
